<?xml version="1.0" encoding="utf-8"?>
<Project ToolsVersion="4.0" xmlns="http://schemas.microsoft.com/developer/msbuild/2003">
  <ItemGroup>
    <ClInclude Include="Resource.h">
      <Filter>Header Files</Filter>
    </ClInclude>
    <ClInclude Include="StdAfx.h">
      <Filter>Header Files</Filter>
    </ClInclude>
  </ItemGroup>
  <ItemGroup>
    <CustomBuild Include="Res\bitmap17.bmp">
      <Filter>Resource Files</Filter>
    </CustomBuild>
    <CustomBuild Include="Res\bmp00001.bmp">
      <Filter>Resource Files</Filter>
    </CustomBuild>
    <CustomBuild Include="Res\bmp00002.bmp">
      <Filter>Resource Files</Filter>
    </CustomBuild>
    <CustomBuild Include="Res\cursor1.cur">
      <Filter>Resource Files</Filter>
    </CustomBuild>
    <CustomBuild Include="res\Digit.ico">
      <Filter>Resource Files</Filter>
    </CustomBuild>
    <CustomBuild Include="res\DigitDoc.ico">
      <Filter>Resource Files</Filter>
    </CustomBuild>
    <CustomBuild Include="Res\digittoo.bmp">
      <Filter>Resource Files</Filter>
    </CustomBuild>
    <CustomBuild Include="Res\edittool.bmp">
      <Filter>Resource Files</Filter>
    </CustomBuild>
    <CustomBuild Include="Res\harrow.cur">
      <Filter>Resource Files</Filter>
    </CustomBuild>
    <CustomBuild Include="Res\hnwse.cur">
      <Filter>Resource Files</Filter>
    </CustomBuild>
    <CustomBuild Include="Res\markpt.cur">
      <Filter>Resource Files</Filter>
    </CustomBuild>
    <CustomBuild Include="Res\measure.CUR">
      <Filter>Resource Files</Filter>
    </CustomBuild>
    <CustomBuild Include="Res\rect_bou.cur">
      <Filter>Resource Files</Filter>
    </CustomBuild>
    <CustomBuild Include="Res\sel_dot.cur">
      <Filter>Resource Files</Filter>
    </CustomBuild>
    <CustomBuild Include="Res\sel_zap_.cur">
      <Filter>Resource Files</Filter>
    </CustomBuild>
    <CustomBuild Include="Res\toolbar1.bmp">
      <Filter>Resource Files</Filter>
    </CustomBuild>
    <CustomBuild Include="Res\viewtool.bmp">
      <Filter>Resource Files</Filter>
    </CustomBuild>
    <CustomBuild Include="Res\ZOOMIN.CUR">
      <Filter>Resource Files</Filter>
    </CustomBuild>
    <CustomBuild Include="Res\ZOOMOUT.CUR">
      <Filter>Resource Files</Filter>
    </CustomBuild>
    <CustomBuild Include="Res\ZOOMRECT.CUR">
      <Filter>Resource Files</Filter>
    </CustomBuild>
    <CustomBuild Include="EngLangD.def">
      <Filter>Source Files</Filter>
    </CustomBuild>
  </ItemGroup>
  <ItemGroup>
    <Filter Include="Header Files">
      <UniqueIdentifier>{c29c86f2-256f-4dbe-ba58-4c6cf6c47cd3}</UniqueIdentifier>
    </Filter>
    <Filter Include="Resource Files">
      <UniqueIdentifier>{dc00f6b1-2cdf-4888-89c1-1d4006e40fdf}</UniqueIdentifier>
    </Filter>
    <Filter Include="Source Files">
      <UniqueIdentifier>{b37a9003-7ec1-46ab-8f59-f3e8ad0f6eee}</UniqueIdentifier>
    </Filter>
  </ItemGroup>
  <ItemGroup>
    <ClCompile Include="EngLangD.cpp">
      <Filter>Source Files</Filter>
    </ClCompile>
  </ItemGroup>
  <ItemGroup>
    <ResourceCompile Include="EngLangD.rc">
      <Filter>Source Files</Filter>
    </ResourceCompile>
  </ItemGroup>
  <ItemGroup>
    <None Include="Docs\EVENT_FLOW_ARCHITECTURE_ANALYSIS.md" />
  </ItemGroup>
</Project>