<?xml version="1.0" encoding="utf-8"?>
<Project ToolsVersion="4.0" xmlns="http://schemas.microsoft.com/developer/msbuild/2003">
  <ItemGroup>
    <Filter Include="Source Files">
      <UniqueIdentifier>{4FC737F1-C7A5-4376-A066-2A32D752A2FF}</UniqueIdentifier>
      <Extensions>cpp;c;cc;cxx;c++;cppm;ixx;def;odl;idl;hpj;bat;asm;asmx</Extensions>
    </Filter>
    <Filter Include="Header Files">
      <UniqueIdentifier>{93995380-89BD-4b04-88EB-625FBE52EBFB}</UniqueIdentifier>
      <Extensions>h;hh;hpp;hxx;h++;hm;inl;inc;ipp;xsd</Extensions>
    </Filter>
    <Filter Include="Documentation">
      <UniqueIdentifier>{67DA6AB6-F800-4c08-8B7A-83BB121AAD01}</UniqueIdentifier>
      <Extensions>md;txt</Extensions>
    </Filter>
    <Filter Include="Source Files\geometry">
      <UniqueIdentifier>{A1234567-1234-1234-1234-123456789ABC}</UniqueIdentifier>
    </Filter>
    <Filter Include="Source Files\visibility">
      <UniqueIdentifier>{B1234567-1234-1234-1234-123456789ABC}</UniqueIdentifier>
    </Filter>
    <Filter Include="Header Files\geometry">
      <UniqueIdentifier>{C1234567-1234-1234-1234-123456789ABC}</UniqueIdentifier>
    </Filter>
    <Filter Include="Header Files\visibility">
      <UniqueIdentifier>{D1234567-1234-1234-1234-123456789ABC}</UniqueIdentifier>
    </Filter>
    <Filter Include="Tests">
      <UniqueIdentifier>{14fedf6d-e3f2-4494-b14b-87b0d2e6d9ef}</UniqueIdentifier>
    </Filter>
    <Filter Include="Tests\geometry">
      <UniqueIdentifier>{f2843dbb-df8d-4f81-9535-1ad43a16d504}</UniqueIdentifier>
    </Filter>
    <Filter Include="Tests\visibility">
      <UniqueIdentifier>{e5f4d238-8161-4df9-ae43-635d85b79738}</UniqueIdentifier>
    </Filter>
  </ItemGroup>
  <ItemGroup>
    <ClInclude Include="include\aperturecore\geometry\Point.h">
      <Filter>Header Files\geometry</Filter>
    </ClInclude>
    <ClInclude Include="include\aperturecore\geometry\Bounds.h">
      <Filter>Header Files\geometry</Filter>
    </ClInclude>
    <ClInclude Include="include\aperturecore\visibility\TypeLimits.h">
      <Filter>Header Files\visibility</Filter>
    </ClInclude>
    <ClInclude Include="include\aperturecore\geometry\Shape.h">
      <Filter>Header Files\geometry</Filter>
    </ClInclude>
    <ClInclude Include="include\aperturecore\visibility\ShapeCollection.h">
      <Filter>Header Files\visibility</Filter>
    </ClInclude>
    <ClInclude Include="include\aperturecore\visibility\VisibilityChecker.h">
      <Filter>Header Files\visibility</Filter>
    </ClInclude>
    <ClInclude Include="include\aperturecore\geometry\Ellipse.h">
      <Filter>Header Files\geometry</Filter>
    </ClInclude>
    <ClInclude Include="include\aperturecore\geometry\Polygon.h">
      <Filter>Header Files\geometry</Filter>
    </ClInclude>
    <ClInclude Include="include\aperturecore\geometry\Rectangle.h">
      <Filter>Header Files\geometry</Filter>
    </ClInclude>
    <ClInclude Include="include\aperturecore\geometry\CoordinateSystem.h">
      <Filter>Header Files\geometry</Filter>
    </ClInclude>
    <ClInclude Include="include\aperturecore\visibility\VisibilityMask.h">
      <Filter>Header Files\visibility</Filter>
    </ClInclude>
    <ClInclude Include="include\aperturecore\visibility\VisibilityMaskBuilder.h">
      <Filter>Header Files\visibility</Filter>
    </ClInclude>
    <ClInclude Include="include\aperturecore\visibility\VisibilityMaskProvider.h">
      <Filter>Header Files\visibility</Filter>
    </ClInclude>
  </ItemGroup>
  <ItemGroup>
    <ClCompile Include="src\geometry\Point.cpp">
      <Filter>Source Files\geometry</Filter>
    </ClCompile>
    <ClCompile Include="src\geometry\Bounds.cpp">
      <Filter>Source Files\geometry</Filter>
    </ClCompile>
    <ClCompile Include="src\visibility\TypeLimits.cpp">
      <Filter>Source Files\visibility</Filter>
    </ClCompile>
    <ClCompile Include="src\geometry\Shape.cpp">
      <Filter>Source Files\geometry</Filter>
    </ClCompile>
    <ClCompile Include="src\visibility\ShapeCollection.cpp">
      <Filter>Source Files\visibility</Filter>
    </ClCompile>
    <ClCompile Include="src\visibility\VisibilityChecker.cpp">
      <Filter>Source Files\visibility</Filter>
    </ClCompile>
    <ClCompile Include="src\geometry\Ellipse.cpp">
      <Filter>Source Files\geometry</Filter>
    </ClCompile>
    <ClCompile Include="src\geometry\Rectangle.cpp">
      <Filter>Source Files\geometry</Filter>
    </ClCompile>
    <ClCompile Include="src\geometry\Polygon.cpp">
      <Filter>Source Files\geometry</Filter>
    </ClCompile>
    <ClCompile Include="tests\geometry\RectangleTest.cpp">
      <Filter>Tests\geometry</Filter>
    </ClCompile>
    <ClCompile Include="tests\geometry\BoundsTest.cpp">
      <Filter>Tests\geometry</Filter>
    </ClCompile>
    <ClCompile Include="tests\geometry\EllipseFittingTest.cpp">
      <Filter>Tests\geometry</Filter>
    </ClCompile>
    <ClCompile Include="tests\geometry\EllipseTest.cpp">
      <Filter>Tests\geometry</Filter>
    </ClCompile>
    <ClCompile Include="tests\geometry\PointTest.cpp">
      <Filter>Tests\geometry</Filter>
    </ClCompile>
    <ClCompile Include="tests\geometry\PolygonTest.cpp">
      <Filter>Tests\geometry</Filter>
    </ClCompile>
    <ClCompile Include="tests\visibility\VisibilityCheckerTest.cpp">
      <Filter>Tests\visibility</Filter>
    </ClCompile>
    <ClCompile Include="tests\visibility\VisibilityPerformanceTest.cpp">
      <Filter>Tests\visibility</Filter>
    </ClCompile>
    <ClCompile Include="tests\visibility\VisibleRegionTest.cpp">
      <Filter>Tests\visibility</Filter>
    </ClCompile>
  </ItemGroup>
  <ItemGroup>
    <None Include="sync-builds.ps1" />
    <None Include="BOUNDS_HYBRID_NAMING_COMPLETE.md">
      <Filter>Documentation</Filter>
    </None>
    <None Include="packages.config" />
    <None Include="Docs\CONSERVATIVE_ROI_DECISION.md">
      <Filter>Documentation</Filter>
    </None>
    <None Include="Docs\COORDINATE_SYSTEM_COMPLETE.md">
      <Filter>Documentation</Filter>
    </None>
    <None Include="Docs\COORDINATE_SYSTEM_SUPPORT.md">
      <Filter>Documentation</Filter>
    </None>
    <None Include="Docs\CURRENT_STATUS_AND_ISSUES.md">
      <Filter>Documentation</Filter>
    </None>
    <None Include="Docs\DESIGN.md">
      <Filter>Documentation</Filter>
    </None>
    <None Include="Docs\DUAL_BUILD_MAINTENANCE.md">
      <Filter>Documentation</Filter>
    </None>
    <None Include="Docs\ELLIPSE_FITTING_BUG_FIXES.md">
      <Filter>Documentation</Filter>
    </None>
    <None Include="Docs\ELLIPSE_FITTING_FEATURE.md">
      <Filter>Documentation</Filter>
    </None>
    <None Include="Docs\ELLIPSE_TEST_FIX_ROTATION.md">
      <Filter>Documentation</Filter>
    </None>
    <None Include="Docs\ELLIPSE_TESTS_ALL_PASSING.md">
      <Filter>Documentation</Filter>
    </None>
    <None Include="Docs\ENCODING_FIX_QUICKSTART.md">
      <Filter>Documentation</Filter>
    </None>
    <None Include="Docs\FILTERS_SYNC_ENHANCEMENT.md">
      <Filter>Documentation</Filter>
    </None>
    <None Include="Docs\IMPLEMENTATION.md">
      <Filter>Documentation</Filter>
    </None>
    <None Include="Docs\INTEGRATION_GUIDE.md">
      <Filter>Documentation</Filter>
    </None>
    <None Include="Docs\ISSUE_RESOLUTION_SUMMARY.md">
      <Filter>Documentation</Filter>
    </None>
    <None Include="Docs\PHASE1_DAY1_COMPLETE.md">
      <Filter>Documentation</Filter>
    </None>
    <None Include="Docs\PHASE1_PROGRESS.md">
      <Filter>Documentation</Filter>
    </None>
    <None Include="Docs\PHASE2_COMPLETE.md">
      <Filter>Documentation</Filter>
    </None>
    <None Include="Docs\PHASE3_COMPLETE.md">
      <Filter>Documentation</Filter>
    </None>
    <None Include="Docs\PHASE4_PROGRESS.md">
      <Filter>Documentation</Filter>
    </None>
    <None Include="Docs\PHASE4_STEP2_COMPLETE.md">
      <Filter>Documentation</Filter>
    </None>
    <None Include="Docs\PHASE4_STEP3_COMPLETE.md">
      <Filter>Documentation</Filter>
    </None>
    <None Include="Docs\PHASE5_COMPLETE.md">
      <Filter>Documentation</Filter>
    </None>
    <None Include="Docs\PHASE5_PLAN.md">
      <Filter>Documentation</Filter>
    </None>
    <None Include="Docs\PHASE5_PROGRESS_UPDATE.md">
      <Filter>Documentation</Filter>
    </None>
    <None Include="Docs\PHASE5_READY.md">
      <Filter>Documentation</Filter>
    </None>
    <None Include="Docs\PHASE5_STEP1.2_COMPLETE.md">
      <Filter>Documentation</Filter>
    </None>
    <None Include="Docs\PHASE5_STEP1.3_COMPLETE.md">
      <Filter>Documentation</Filter>
    </None>
    <None Include="Docs\PHASE5_STEP1.4_COMPLETE.md">
      <Filter>Documentation</Filter>
    </None>
    <None Include="Docs\PHASE5_STEP1.5_COMPLETE.md">
      <Filter>Documentation</Filter>
    </None>
    <None Include="Docs\PHASE5_STEP1.6_COMPLETE.md">
      <Filter>Documentation</Filter>
    </None>
    <None Include="Docs\PHASE5_STEP1.7_COMPLETE.md">
      <Filter>Documentation</Filter>
    </None>
    <None Include="Docs\PHASE5_STEP1_PROGRESS.md">
      <Filter>Documentation</Filter>
    </None>
    <None Include="Docs\PHASE6_INTEGRATION_PLAN.md">
      <Filter>Documentation</Filter>
    </None>
    <None Include="Docs\PROJECT_SUMMARY.md">
      <Filter>Documentation</Filter>
    </None>
    <None Include="Docs\QUICK_REFERENCE.md">
      <Filter>Documentation</Filter>
    </None>
    <None Include="Docs\README.md">
      <Filter>Documentation</Filter>
    </None>
    <None Include="Docs\ROI_FEATURE_COMPLETE.md">
      <Filter>Documentation</Filter>
    </None>
    <None Include="Docs\SHAPE_CONSTRUCTOR_UPDATE_GUIDE.md">
      <Filter>Documentation</Filter>
    </None>
    <None Include="Docs\SYNC_BUILDS_BUG_FIXES.md">
      <Filter>Documentation</Filter>
    </None>
    <None Include="Docs\UNICODE_FIX_SUMMARY.md">
      <Filter>Documentation</Filter>
    </None>
    <None Include="Docs\VISIBILITY_IMPLEMENTATION_COMPLETE.md">
      <Filter>Documentation</Filter>
    </None>
    <None Include="Docs\VISIBILITY_LOGIC_FIX.md">
      <Filter>Documentation</Filter>
    </None>
    <None Include="Docs\VISIBILITY_QUICK_REFERENCE.md">
      <Filter>Documentation</Filter>
    </None>
    <None Include="Docs\VS_ENCODING_BUG_GUIDE.md">
      <Filter>Documentation</Filter>
    </None>
    <None Include="Docs\VS_TEST_INTEGRATION_GUIDE.md">
      <Filter>Documentation</Filter>
    </None>
    <None Include="Docs\PROJECT_STATUS.md">
      <Filter>Documentation</Filter>
    </None>
  </ItemGroup>
</Project>